<Solution>
  <Folder Name="/ChainOfResponsibility/">
    <File Path="ChainOfResponsibility/README.md" />
  </Folder>
  <Folder Name="/ChainOfResponsibility/BasicExample/" />
  <Folder Name="/Solution Items/">
    <File Path="README.md" />
  </Folder>
  <Project Path="ChainOfResponsibility/BasicExample/BasicExample.csproj" />
  <Project Path="ChainOfResponsibility/SpamDetectionExample/SpamDetectionExample.csproj" />
</Solution>
